
Microsoft Visual Studio Solution File, Format Version 12.00
# Visual Studio Version 16
VisualStudioVersion = 16.0.29519.181
MinimumVisualStudioVersion = 10.0.40219.1
Project("{FAE04EC0-301F-11D3-BF4B-00C04F79EFBC}") = "Action", "Action\Action.csproj", "{E80244C4-7A08-451A-957C-B4F1B71C9A5F}"
EndProject
Project("{FAE04EC0-301F-11D3-BF4B-00C04F79EFBC}") = "DataAccess", "DataAccess\DataAccess.csproj", "{A5E9962D-A827-4CA4-AA5A-8EAE97CB9D36}"
EndProject
Project("{FAE04EC0-301F-11D3-BF4B-00C04F79EFBC}") = "Interfaces", "Interfaces\Interfaces.csproj", "{F28B8BEB-6C0C-41C1-AE79-F0534EC3DABD}"
EndProject
Global
	GlobalSection(SolutionConfigurationPlatforms) = preSolution
		Debug|Any CPU = Debug|Any CPU
		Release|Any CPU = Release|Any CPU
	EndGlobalSection
	GlobalSection(ProjectConfigurationPlatforms) = postSolution
		{E80244C4-7A08-451A-957C-B4F1B71C9A5F}.Debug|Any CPU.ActiveCfg = Debug|Any CPU
		{E80244C4-7A08-451A-957C-B4F1B71C9A5F}.Debug|Any CPU.Build.0 = Debug|Any CPU
		{E80244C4-7A08-451A-957C-B4F1B71C9A5F}.Release|Any CPU.ActiveCfg = Release|Any CPU
		{E80244C4-7A08-451A-957C-B4F1B71C9A5F}.Release|Any CPU.Build.0 = Release|Any CPU
		{A5E9962D-A827-4CA4-AA5A-8EAE97CB9D36}.Debug|Any CPU.ActiveCfg = Debug|Any CPU
		{A5E9962D-A827-4CA4-AA5A-8EAE97CB9D36}.Debug|Any CPU.Build.0 = Debug|Any CPU
		{A5E9962D-A827-4CA4-AA5A-8EAE97CB9D36}.Release|Any CPU.ActiveCfg = Release|Any CPU
		{A5E9962D-A827-4CA4-AA5A-8EAE97CB9D36}.Release|Any CPU.Build.0 = Release|Any CPU
		{F28B8BEB-6C0C-41C1-AE79-F0534EC3DABD}.Debug|Any CPU.ActiveCfg = Debug|Any CPU
		{F28B8BEB-6C0C-41C1-AE79-F0534EC3DABD}.Debug|Any CPU.Build.0 = Debug|Any CPU
		{F28B8BEB-6C0C-41C1-AE79-F0534EC3DABD}.Release|Any CPU.ActiveCfg = Release|Any CPU
		{F28B8BEB-6C0C-41C1-AE79-F0534EC3DABD}.Release|Any CPU.Build.0 = Release|Any CPU
	EndGlobalSection
	GlobalSection(SolutionProperties) = preSolution
		HideSolutionNode = FALSE
	EndGlobalSection
	GlobalSection(ExtensibilityGlobals) = postSolution
		SolutionGuid = {DA7F9A11-6C99-4511-959C-A1DAD27B95F4}
	EndGlobalSection
EndGlobal
